// !$*UTF8*$!
{
	archiveVersion = 1;
	classes = {
	};
	objectVersion = 46;
	objects = {

/* Begin PBXBuildFile section */
		CDE638131CDBB02D00A3C122 /* AppDelegate.swift in Sources */ = {isa = PBXBuildFile; fileRef = CDE638121CDBB02D00A3C122 /* AppDelegate.swift */; };
		CDE638151CDBB02D00A3C122 /* ViewController.swift in Sources */ = {isa = PBXBuildFile; fileRef = CDE638141CDBB02D00A3C122 /* ViewController.swift */; };
		CDE638181CDBB02D00A3C122 /* Main.storyboard in Resources */ = {isa = PBXBuildFile; fileRef = CDE638161CDBB02D00A3C122 /* Main.storyboard */; };
		CDE6381A1CDBB02D00A3C122 /* Assets.xcassets in Resources */ = {isa = PBXBuildFile; fileRef = CDE638191CDBB02D00A3C122 /* Assets.xcassets */; };
		CDE6381D1CDBB02D00A3C122 /* LaunchScreen.storyboard in Resources */ = {isa = PBXBuildFile; fileRef = CDE6381B1CDBB02D00A3C122 /* LaunchScreen.storyboard */; };
/* End PBXBuildFile section */

/* Begin PBXFileReference section */
		CDE6380F1CDBB02D00A3C122 /* SuperCool.app */ = {isa = PBXFileReference; explicitFileType = wrapper.application; includeInIndex = 0; path = SuperCool.app; sourceTree = BUILT_PRODUCTS_DIR; };
		CDE638121CDBB02D00A3C122 /* AppDelegate.swift */ = {isa = PBXFileReference; lastKnownFileType = sourcecode.swift; path = AppDelegate.swift; sourceTree = "<group>"; };
		CDE638141CDBB02D00A3C122 /* ViewController.swift */ = {isa = PBXFileReference; lastKnownFileType = sourcecode.swift; path = ViewController.swift; sourceTree = "<group>"; };
		CDE638171CDBB02D00A3C122 /* Base */ = {isa = PBXFileReference; lastKnownFileType = file.storyboard; name = Base; path = Base.lproj/Main.storyboard; sourceTree = "<group>"; };
		CDE638191CDBB02D00A3C122 /* Assets.xcassets */ = {isa = PBXFileReference; lastKnownFileType = folder.assetcatalog; path = Assets.xcassets; sourceTree = "<group>"; };
		CDE6381C1CDBB02D00A3C122 /* Base */ = {isa = PBXFileReference; lastKnownFileType = file.storyboard; name = Base; path = Base.lproj/LaunchScreen.storyboard; sourceTree = "<group>"; };
		CDE6381E1CDBB02D00A3C122 /* Info.plist */ = {isa = PBXFileReference; lastKnownFileType = text.plist.xml; path = Info.plist; sourceTree = "<group>"; };
/* End PBXFileReference section */

/* Begin PBXFrameworksBuildPhase section */
		CDE6380C1CDBB02C00A3C122 /* Frameworks */ = {
			isa = PBXFrameworksBuildPhase;
			buildActionMask = 2147483647;
			files = (
			);
			runOnlyForDeploymentPostprocessing = 0;
		};
/* End PBXFrameworksBuildPhase section */

/* Begin PBXGroup section */
		CDE638061CDBB02C00A3C122 = {
			isa = PBXGroup;
			children = (
				CDE638111CDBB02D00A3C122 /* SuperCool */,
				CDE638101CDBB02D00A3C122 /* Products */,
			);
			sourceTree = "<group>";
		};
		CDE638101CDBB02D00A3C122 /* Products */ = {
			isa = PBXGroup;
			children = (
				CDE6380F1CDBB02D00A3C122 /* SuperCool.app */,
			);
			name = Products;
			sourceTree = "<group>";
		};
		CDE638111CDBB02D00A3C122 /* SuperCool */ = {
			isa = PBXGroup;
			children = (
				CDE638121CDBB02D00A3C122 /* AppDelegate.swift */,
				CDE638141CDBB02D00A3C122 /* ViewController.swift */,
				CDE638161CDBB02D00A3C122 /* Main.storyboard */,
				CDE638191CDBB02D00A3C122 /* Assets.xcassets */,
				CDE6381B1CDBB02D00A3C122 /* LaunchScreen.storyboard */,
				CDE6381E1CDBB02D00A3C122 /* Info.plist */,
			);
			path = SuperCool;
			sourceTree = "<group>";
		};
/* End PBXGroup section */

/* Begin PBXNativeTarget section */
		CDE6380E1CDBB02C00A3C122 /* SuperCool */ = {
			isa = PBXNativeTarget;
			buildConfigurationList = CDE638211CDBB02E00A3C122 /* Build configuration list for PBXNativeTarget "SuperCool" */;
			buildPhases = (
				CDE6380B1CDBB02C00A3C122 /* Sources */,
				CDE6380C1CDBB02C00A3C122 /* Frameworks */,
				CDE6380D1CDBB02C00A3C122 /* Resources */,
			);
			buildRules = (
			);
			dependencies = (
			);
			name = SuperCool;
			productName = SuperCool;
			productReference = CDE6380F1CDBB02D00A3C122 /* SuperCool.app */;
			productType = "com.apple.product-type.application";
		};
/* End PBXNativeTarget section */

/* Begin PBXProject section */
		CDE638071CDBB02C00A3C122 /* Project object */ = {
			isa = PBXProject;
			attributes = {
				LastSwiftUpdateCheck = 0720;
				LastUpgradeCheck = 0720;
				ORGANIZATIONNAME = AsaziTheGreat;
				TargetAttributes = {
					CDE6380E1CDBB02C00A3C122 = {
						CreatedOnToolsVersion = 7.2;
						DevelopmentTeam = 2MC89LK5A5;
					};
				};
			};
			buildConfigurationList = CDE6380A1CDBB02C00A3C122 /* Build configuration list for PBXProject "SuperCool" */;
			compatibilityVersion = "Xcode 3.2";
			developmentRegion = English;
			hasScannedForEncodings = 0;
			knownRegions = (
				en,
				Base,
			);
			mainGroup = CDE638061CDBB02C00A3C122;
			productRefGroup = CDE638101CDBB02D00A3C122 /* Products */;
			projectDirPath = "";
			projectRoot = "";
			targets = (
				CDE6380E1CDBB02C00A3C122 /* SuperCool */,
			);
		};
/* End PBXProject section */

/* Begin PBXResourcesBuildPhase section */
		CDE6380D1CDBB02C00A3C122 /* Resources */ = {
			isa = PBXResourcesBuildPhase;
			buildActionMask = 2147483647;
			files = (
				CDE6381D1CDBB02D00A3C122 /* LaunchScreen.storyboard in Resources */,
				CDE6381A1CDBB02D00A3C122 /* Assets.xcassets in Resources */,
				CDE638181CDBB02D00A3C122 /* Main.storyboard in Resources */,
			);
			runOnlyForDeploymentPostprocessing = 0;
		};
/* End PBXResourcesBuildPhase section */

/* Begin PBXSourcesBuildPhase section */
		CDE6380B1CDBB02C00A3C122 /* Sources */ = {
			isa = PBXSourcesBuildPhase;
			buildActionMask = 2147483647;
			files = (
				CDE638151CDBB02D00A3C122 /* ViewController.swift in Sources */,
				CDE638131CDBB02D00A3C122 /* AppDelegate.swift in Sources */,
			);
			runOnlyForDeploymentPostprocessing = 0;
		};
/* End PBXSourcesBuildPhase section */

/* Begin PBXVariantGroup section */
		CDE638161CDBB02D00A3C122 /* Main.storyboard */ = {
			isa = PBXVariantGroup;
			children = (
				CDE638171CDBB02D00A3C122 /* Base */,
			);
			name = Main.storyboard;
			sourceTree = "<group>";
		};
		CDE6381B1CDBB02D00A3C122 /* LaunchScreen.storyboard */ = {
			isa = PBXVariantGroup;
			children = (
				CDE6381C1CDBB02D00A3C122 /* Base */,
			);
			name = LaunchScreen.storyboard;
			sourceTree = "<group>";
		};
/* End PBXVariantGroup section */

/* Begin XCBuildConfiguration section */
		CDE6381F1CDBB02E00A3C122 /* Debug */ = {
			isa = XCBuildConfiguration;
			buildSettings = {
				ALWAYS_SEARCH_USER_PATHS = NO;
				CLANG_CXX_LANGUAGE_STANDARD = "gnu++0x";
				CLANG_CXX_LIBRARY = "libc++";
				CLANG_ENABLE_MODULES = YES;
				CLANG_ENABLE_OBJC_ARC = YES;
				CLANG_WARN_BOOL_CONVERSION = YES;
				CLANG_WARN_CONSTANT_CONVERSION = YES;
				CLANG_WARN_DIRECT_OBJC_ISA_USAGE = YES_ERROR;
				CLANG_WARN_EMPTY_BODY = YES;
				CLANG_WARN_ENUM_CONVERSION = YES;
				CLANG_WARN_INT_CONVERSION = YES;
				CLANG_WARN_OBJC_ROOT_CLASS = YES_ERROR;
				CLANG_WARN_UNREACHABLE_CODE = YES;
				CLANG_WARN__DUPLICATE_METHOD_MATCH = YES;
				"CODE_SIGN_IDENTITY[sdk=iphoneos*]" = "iPhone Developer";
				COPY_PHASE_STRIP = NO;
				DEBUG_INFORMATION_FORMAT = dwarf;
				ENABLE_STRICT_OBJC_MSGSEND = YES;
				ENABLE_TESTABILITY = YES;
				GCC_C_LANGUAGE_STANDARD = gnu99;
				GCC_DYNAMIC_NO_PIC = NO;
				GCC_NO_COMMON_BLOCKS = YES;
				GCC_OPTIMIZATION_LEVEL = 0;
				GCC_PREPROCESSOR_DEFINITIONS = (
					"DEBUG=1",
					"$(inherited)",
				);
				GCC_WARN_64_TO_32_BIT_CONVERSION = YES;
				GCC_WARN_ABOUT_RETURN_TYPE = YES_ERROR;
				GCC_WARN_UNDECLARED_SELECTOR = YES;
				GCC_WARN_UNINITIALIZED_AUTOS = YES_AGGRESSIVE;
				GCC_WARN_UNUSED_FUNCTION = YES;
				GCC_WARN_UNUSED_VARIABLE = YES;
				IPHONEOS_DEPLOYMENT_TARGET = 9.2;
				MTL_ENABLE_DEBUG_INFO = YES;
				ONLY_ACTIVE_ARCH = YES;
				SDKROOT = iphoneos;
				SWIFT_OPTIMIZATION_LEVEL = "-Onone";
			};
			name = Debug;
		};
		CDE638201CDBB02E00A3C122 /* Release */ = {
			isa = XCBuildConfiguration;
			buildSettings = {
				ALWAYS_SEARCH_USER_PATHS = NO;
				CLANG_CXX_LANGUAGE_STANDARD = "gnu++0x";
				CLANG_CXX_LIBRARY = "libc++";
				CLANG_ENABLE_MODULES = YES;
				CLANG_ENABLE_OBJC_ARC = YES;
				CLANG_WARN_BOOL_CONVERSION = YES;
				CLANG_WARN_CONSTANT_CONVERSION = YES;
				CLANG_WARN_DIRECT_OBJC_ISA_USAGE = YES_ERROR;
				CLANG_WARN_EMPTY_BODY = YES;
				CLANG_WARN_ENUM_CONVERSION = YES;
				CLANG_WARN_INT_CONVERSION = YES;
				CLANG_WARN_OBJC_ROOT_CLASS = YES_ERROR;
				CLANG_WARN_UNREACHABLE_CODE = YES;
				CLANG_WARN__DUPLICATE_METHOD_MATCH = YES;
				"CODE_SIGN_IDENTITY[sdk=iphoneos*]" = "iPhone Developer";
				COPY_PHASE_STRIP = NO;
				DEBUG_INFORMATION_FORMAT = "dwarf-with-dsym";
				ENABLE_NS_ASSERTIONS = NO;
				ENABLE_STRICT_OBJC_MSGSEND = YES;
				GCC_C_LANGUAGE_STANDARD = gnu99;
				GCC_NO_COMMON_BLOCKS = YES;
				GCC_WARN_64_TO_32_BIT_CONVERSION = YES;
				GCC_WARN_ABOUT_RETURN_TYPE = YES_ERROR;
				GCC_WARN_UNDECLARED_SELECTOR = YES;
				GCC_WARN_UNINITIALIZED_AUTOS = YES_AGGRESSIVE;
				GCC_WARN_UNUSED_FUNCTION = YES;
				GCC_WARN_UNUSED_VARIABLE = YES;
				IPHONEOS_DEPLOYMENT_TARGET = 9.2;
				MTL_ENABLE_DEBUG_INFO = NO;
				SDKROOT = iphoneos;
				VALIDATE_PRODUCT = YES;
			};
			name = Release;
		};
		CDE638221CDBB02E00A3C122 /* Debug */ = {
			isa = XCBuildConfiguration;
			buildSettings = {
				ASSETCATALOG_COMPILER_APPICON_NAME = AppIcon;
				INFOPLIST_FILE = SuperCool/Info.plist;
				LD_RUNPATH_SEARCH_PATHS = "$(inherited) @executable_path/Frameworks";
				PRODUCT_BUNDLE_IDENTIFIER = com.asarenkansah.SuperCool;
				PRODUCT_NAME = "$(TARGET_NAME)";
			};
			name = Debug;
		};
		CDE638231CDBB02E00A3C122 /* Release */ = {
			isa = XCBuildConfiguration;
			buildSettings = {
				ASSETCATALOG_COMPILER_APPICON_NAME = AppIcon;
				INFOPLIST_FILE = SuperCool/Info.plist;
				LD_RUNPATH_SEARCH_PATHS = "$(inherited) @executable_path/Frameworks";
				PRODUCT_BUNDLE_IDENTIFIER = com.asarenkansah.SuperCool;
				PRODUCT_NAME = "$(TARGET_NAME)";
			};
			name = Release;
		};
/* End XCBuildConfiguration section */

/* Begin XCConfigurationList section */
		CDE6380A1CDBB02C00A3C122 /* Build configuration list for PBXProject "SuperCool" */ = {
			isa = XCConfigurationList;
			buildConfigurations = (
				CDE6381F1CDBB02E00A3C122 /* Debug */,
				CDE638201CDBB02E00A3C122 /* Release */,
			);
			defaultConfigurationIsVisible = 0;
			defaultConfigurationName = Release;
		};
		CDE638211CDBB02E00A3C122 /* Build configuration list for PBXNativeTarget "SuperCool" */ = {
			isa = XCConfigurationList;
			buildConfigurations = (
				CDE638221CDBB02E00A3C122 /* Debug */,
				CDE638231CDBB02E00A3C122 /* Release */,
			);
			defaultConfigurationIsVisible = 0;
		};
/* End XCConfigurationList section */
	};
	rootObject = CDE638071CDBB02C00A3C122 /* Project object */;
}
